
Microsoft Visual Studio Solution File, Format Version 12.00
# Visual Studio Version 16
VisualStudioVersion = 16.0.30204.135
MinimumVisualStudioVersion = 10.0.40219.1
Project("{9A19103F-16F7-4668-BE54-9A1E7A4F7556}") = "SendDataToExternalAPI.Web", "SendDataToExternalAPI\SendDataToExternalAPI.Web.csproj", "{06CAD914-4F31-4C7B-B198-FD5A634D833C}"
EndProject
Project("{9A19103F-16F7-4668-BE54-9A1E7A4F7556}") = "SendDataToExternalAPI.Services", "SendDataToExternalAPI.Services\SendDataToExternalAPI.Services.csproj", "{5905480C-693B-4EFE-89CB-2C2CF3F291F3}"
EndProject
Global
	GlobalSection(SolutionConfigurationPlatforms) = preSolution
		Debug|Any CPU = Debug|Any CPU
		Release|Any CPU = Release|Any CPU
	EndGlobalSection
	GlobalSection(ProjectConfigurationPlatforms) = postSolution
		{06CAD914-4F31-4C7B-B198-FD5A634D833C}.Debug|Any CPU.ActiveCfg = Debug|Any CPU
		{06CAD914-4F31-4C7B-B198-FD5A634D833C}.Debug|Any CPU.Build.0 = Debug|Any CPU
		{06CAD914-4F31-4C7B-B198-FD5A634D833C}.Release|Any CPU.ActiveCfg = Release|Any CPU
		{06CAD914-4F31-4C7B-B198-FD5A634D833C}.Release|Any CPU.Build.0 = Release|Any CPU
		{5905480C-693B-4EFE-89CB-2C2CF3F291F3}.Debug|Any CPU.ActiveCfg = Debug|Any CPU
		{5905480C-693B-4EFE-89CB-2C2CF3F291F3}.Debug|Any CPU.Build.0 = Debug|Any CPU
		{5905480C-693B-4EFE-89CB-2C2CF3F291F3}.Release|Any CPU.ActiveCfg = Release|Any CPU
		{5905480C-693B-4EFE-89CB-2C2CF3F291F3}.Release|Any CPU.Build.0 = Release|Any CPU
	EndGlobalSection
	GlobalSection(SolutionProperties) = preSolution
		HideSolutionNode = FALSE
	EndGlobalSection
	GlobalSection(ExtensibilityGlobals) = postSolution
		SolutionGuid = {7D8B2E81-8794-432B-ADA0-224E9EE0D058}
	EndGlobalSection
EndGlobal
